{
  "nodes": {
    "flake-utils": {
      "locked": {
        "lastModified": 1659877975,
        "narHash": "sha256-zllb8aq3YO3h8B/U0/J1WBgAL8EX5yWf5pMj3G0NAmc=",
        "owner": "numtide",
        "repo": "flake-utils",
        "rev": "c0e246b9b83f637f4681389ecabcb2681b4f3af0",
        "type": "github"
      },
      "original": {
        "owner": "numtide",
        "repo": "flake-utils",
        "type": "github"
      }
    },
    "home-manager": {
      "inputs": {
        "nixpkgs": [
          "nixpkgs"
        ]
      },
      "locked": {
        "lastModified": 1665475263,
        "narHash": "sha256-T4at7d+KsQNWh5rfjvOtQCaIMWjSDlSgQZKvxb+LcEY=",
        "owner": "nix-community",
        "repo": "home-manager",
        "rev": "17208be516fc36e2ab0ceb064d931e90eb88b2a3",
        "type": "github"
      },
      "original": {
        "owner": "nix-community",
        "ref": "release-22.05",
        "repo": "home-manager",
        "type": "github"
      }
    },
    "nix-on-droid": {
      "inputs": {
        "flake-utils": "flake-utils",
        "home-manager": [
          "home-manager"
        ],
        "nixpkgs": [
          "nixpkgs"
        ]
      },
      "locked": {
        "lastModified": 1665517021,
        "narHash": "sha256-by8E2Ne97i6Ah7dqMRsVaccZ7xO9Cc90Xx+T4ocGegk=",
        "owner": "t184256",
        "repo": "nix-on-droid",
        "rev": "2ef9a7faa2f59bd26eb250384096c3eb1f76d7e9",
        "type": "github"
      },
      "original": {
        "owner": "t184256",
        "repo": "nix-on-droid",
        "type": "github"
      }
    },
    "nixpkgs": {
      "locked": {
        "lastModified": 1665613119,
        "narHash": "sha256-VTutbv5YKeBGWou6ladtgfx11h6et+Wlkdyh4jPJ3p0=",
        "owner": "NixOS",
        "repo": "nixpkgs",
        "rev": "e06bd4b64bbfda91d74f13cb5eca89485d47528f",
        "type": "github"
      },
      "original": {
        "owner": "NixOS",
        "ref": "nixos-22.05",
        "repo": "nixpkgs",
        "type": "github"
      }
    },
    "nixpkgs-unstable": {
      "locked": {
        "lastModified": 1665732960,
        "narHash": "sha256-WBZ+uSHKFyjvd0w4inbm0cNExYTn8lpYFcHEes8tmec=",
        "owner": "NixOS",
        "repo": "nixpkgs",
        "rev": "4428e23312933a196724da2df7ab78eb5e67a88e",
        "type": "github"
      },
      "original": {
        "owner": "NixOS",
        "ref": "nixos-unstable",
        "repo": "nixpkgs",
        "type": "github"
      }
    },
    "omf-bobthefish": {
      "flake": false,
      "locked": {
        "lastModified": 1659411664,
        "narHash": "sha256-jBbm0wTNZ7jSoGFxRkTz96QHpc5ViAw9RGsRBkCQEIU=",
        "owner": "oh-my-fish",
        "repo": "theme-bobthefish",
        "rev": "2dcfcab653ae69ae95ab57217fe64c97ae05d8de",
        "type": "github"
      },
      "original": {
        "owner": "oh-my-fish",
        "repo": "theme-bobthefish",
        "type": "github"
      }
    },
    "root": {
      "inputs": {
        "home-manager": "home-manager",
        "nix-on-droid": "nix-on-droid",
        "nixpkgs": "nixpkgs",
        "nixpkgs-unstable": "nixpkgs-unstable",
        "omf-bobthefish": "omf-bobthefish"
      }
    }
  },
  "root": "root",
  "version": 7
}
